
Microsoft Visual Studio Solution File, Format Version 12.00
# Visual Studio Version 16
VisualStudioVersion = 16.0.29306.81
MinimumVisualStudioVersion = 10.0.40219.1
Project("{FAE04EC0-301F-11D3-BF4B-00C04F79EFBC}") = "SoftwareQuiz", "SoftwareQuiz\SoftwareQuiz.csproj", "{7C7420F0-6570-4F06-9809-9CF869CA1610}"
EndProject
Global
	GlobalSection(SolutionConfigurationPlatforms) = preSolution
		Debug|Any CPU = Debug|Any CPU
		Release|Any CPU = Release|Any CPU
	EndGlobalSection
	GlobalSection(ProjectConfigurationPlatforms) = postSolution
		{7C7420F0-6570-4F06-9809-9CF869CA1610}.Debug|Any CPU.ActiveCfg = Debug|Any CPU
		{7C7420F0-6570-4F06-9809-9CF869CA1610}.Debug|Any CPU.Build.0 = Debug|Any CPU
		{7C7420F0-6570-4F06-9809-9CF869CA1610}.Release|Any CPU.ActiveCfg = Release|Any CPU
		{7C7420F0-6570-4F06-9809-9CF869CA1610}.Release|Any CPU.Build.0 = Release|Any CPU
	EndGlobalSection
	GlobalSection(SolutionProperties) = preSolution
		HideSolutionNode = FALSE
	EndGlobalSection
	GlobalSection(ExtensibilityGlobals) = postSolution
		SolutionGuid = {E5DED9EA-C7ED-4530-A55E-456778B3A7B2}
	EndGlobalSection
EndGlobal
